
Microsoft Visual Studio Solution File, Format Version 12.00
# Visual Studio Version 16
VisualStudioVersion = 16.0.29519.87
MinimumVisualStudioVersion = 10.0.40219.1
Project("{FAE04EC0-301F-11D3-BF4B-00C04F79EFBC}") = "CourseLibrary.API", "CourseLibrary.API\CourseLibrary.API.csproj", "{72365050-30C3-4BEF-ADE7-763387D7B6E2}"
EndProject
Global
	GlobalSection(SolutionConfigurationPlatforms) = preSolution
		Debug|Any CPU = Debug|Any CPU
		Release|Any CPU = Release|Any CPU
	EndGlobalSection
	GlobalSection(ProjectConfigurationPlatforms) = postSolution
		{72365050-30C3-4BEF-ADE7-763387D7B6E2}.Debug|Any CPU.ActiveCfg = Debug|Any CPU
		{72365050-30C3-4BEF-ADE7-763387D7B6E2}.Debug|Any CPU.Build.0 = Debug|Any CPU
		{72365050-30C3-4BEF-ADE7-763387D7B6E2}.Release|Any CPU.ActiveCfg = Release|Any CPU
		{72365050-30C3-4BEF-ADE7-763387D7B6E2}.Release|Any CPU.Build.0 = Release|Any CPU
	EndGlobalSection
	GlobalSection(SolutionProperties) = preSolution
		HideSolutionNode = FALSE
	EndGlobalSection
	GlobalSection(ExtensibilityGlobals) = postSolution
		SolutionGuid = {66C44632-49D2-4019-A132-B684D31AEF2F}
	EndGlobalSection
EndGlobal
